
Microsoft Visual Studio Solution File, Format Version 12.00
# Visual Studio Version 17
VisualStudioVersion = 17.1.32210.238
MinimumVisualStudioVersion = 10.0.40219.1
Project("{9A19103F-16F7-4668-BE54-9A1E7A4F7556}") = "_build", "build\_build.csproj", "{14D6C205-71BF-47BE-8C99-8BBD385BC426}"
EndProject
Project("{2150E333-8FDC-42A3-9474-1A3956D46DE8}") = "src", "src", "{48090A25-6187-4F68-8C3B-6809CF55F566}"
EndProject
Project("{9A19103F-16F7-4668-BE54-9A1E7A4F7556}") = "pp_bot.Server", "src\pp_bot.Server\pp_bot.Server.csproj", "{C6FD7CDD-6AEA-493F-8B67-DE6E76F8936B}"
EndProject
Project("{E53339B2-1760-4266-BCC7-CA923CBCF16C}") = "docker-compose", "docker-compose.dcproj", "{916E5A96-8927-4E0E-906E-5EEA8A1484E1}"
EndProject
Project("{FAE04EC0-301F-11D3-BF4B-00C04F79EFBC}") = "pp_bot.Commands", "src\pp_bot.Commands\pp_bot.Commands.csproj", "{17C2DC9E-42F4-49BF-81F3-00247E5C0638}"
EndProject
Project("{FAE04EC0-301F-11D3-BF4B-00C04F79EFBC}") = "pp_bot.Abstractions", "src\pp_bot.Abstractions\pp_bot.Abstractions.csproj", "{DA783812-15AA-4975-A0BA-8A182F510DC3}"
EndProject
Project("{FAE04EC0-301F-11D3-BF4B-00C04F79EFBC}") = "pp_bot.Data", "src\pp_bot.Data\pp_bot.Data.csproj", "{E95E2AD1-9364-43CB-8287-DE58A931661C}"
EndProject
Project("{FAE04EC0-301F-11D3-BF4B-00C04F79EFBC}") = "pp_bot.Achievements", "src\pp_bot.Achievements\pp_bot.Achievements.csproj", "{CF30AD66-5897-4FB1-BDE2-C6E0D54E4F55}"
EndProject
Global
	GlobalSection(SolutionConfigurationPlatforms) = preSolution
		Debug|Any CPU = Debug|Any CPU
		Debug|x64 = Debug|x64
		Debug|x86 = Debug|x86
		Release|Any CPU = Release|Any CPU
		Release|x64 = Release|x64
		Release|x86 = Release|x86
	EndGlobalSection
	GlobalSection(ProjectConfigurationPlatforms) = postSolution
		{14D6C205-71BF-47BE-8C99-8BBD385BC426}.Debug|Any CPU.ActiveCfg = Debug|Any CPU
		{14D6C205-71BF-47BE-8C99-8BBD385BC426}.Debug|x64.ActiveCfg = Debug|Any CPU
		{14D6C205-71BF-47BE-8C99-8BBD385BC426}.Debug|x64.Build.0 = Debug|Any CPU
		{14D6C205-71BF-47BE-8C99-8BBD385BC426}.Debug|x86.ActiveCfg = Debug|Any CPU
		{14D6C205-71BF-47BE-8C99-8BBD385BC426}.Debug|x86.Build.0 = Debug|Any CPU
		{14D6C205-71BF-47BE-8C99-8BBD385BC426}.Release|Any CPU.ActiveCfg = Release|Any CPU
		{14D6C205-71BF-47BE-8C99-8BBD385BC426}.Release|x64.ActiveCfg = Release|Any CPU
		{14D6C205-71BF-47BE-8C99-8BBD385BC426}.Release|x64.Build.0 = Release|Any CPU
		{14D6C205-71BF-47BE-8C99-8BBD385BC426}.Release|x86.ActiveCfg = Release|Any CPU
		{14D6C205-71BF-47BE-8C99-8BBD385BC426}.Release|x86.Build.0 = Release|Any CPU
		{C6FD7CDD-6AEA-493F-8B67-DE6E76F8936B}.Debug|Any CPU.ActiveCfg = Debug|Any CPU
		{C6FD7CDD-6AEA-493F-8B67-DE6E76F8936B}.Debug|Any CPU.Build.0 = Debug|Any CPU
		{C6FD7CDD-6AEA-493F-8B67-DE6E76F8936B}.Debug|x64.ActiveCfg = Debug|Any CPU
		{C6FD7CDD-6AEA-493F-8B67-DE6E76F8936B}.Debug|x64.Build.0 = Debug|Any CPU
		{C6FD7CDD-6AEA-493F-8B67-DE6E76F8936B}.Debug|x86.ActiveCfg = Debug|Any CPU
		{C6FD7CDD-6AEA-493F-8B67-DE6E76F8936B}.Debug|x86.Build.0 = Debug|Any CPU
		{C6FD7CDD-6AEA-493F-8B67-DE6E76F8936B}.Release|Any CPU.ActiveCfg = Release|Any CPU
		{C6FD7CDD-6AEA-493F-8B67-DE6E76F8936B}.Release|Any CPU.Build.0 = Release|Any CPU
		{C6FD7CDD-6AEA-493F-8B67-DE6E76F8936B}.Release|x64.ActiveCfg = Release|Any CPU
		{C6FD7CDD-6AEA-493F-8B67-DE6E76F8936B}.Release|x64.Build.0 = Release|Any CPU
		{C6FD7CDD-6AEA-493F-8B67-DE6E76F8936B}.Release|x86.ActiveCfg = Release|Any CPU
		{C6FD7CDD-6AEA-493F-8B67-DE6E76F8936B}.Release|x86.Build.0 = Release|Any CPU
		{916E5A96-8927-4E0E-906E-5EEA8A1484E1}.Debug|Any CPU.ActiveCfg = Debug|Any CPU
		{916E5A96-8927-4E0E-906E-5EEA8A1484E1}.Debug|Any CPU.Build.0 = Debug|Any CPU
		{916E5A96-8927-4E0E-906E-5EEA8A1484E1}.Debug|x64.ActiveCfg = Debug|Any CPU
		{916E5A96-8927-4E0E-906E-5EEA8A1484E1}.Debug|x64.Build.0 = Debug|Any CPU
		{916E5A96-8927-4E0E-906E-5EEA8A1484E1}.Debug|x86.ActiveCfg = Debug|Any CPU
		{916E5A96-8927-4E0E-906E-5EEA8A1484E1}.Debug|x86.Build.0 = Debug|Any CPU
		{916E5A96-8927-4E0E-906E-5EEA8A1484E1}.Release|Any CPU.ActiveCfg = Release|Any CPU
		{916E5A96-8927-4E0E-906E-5EEA8A1484E1}.Release|Any CPU.Build.0 = Release|Any CPU
		{916E5A96-8927-4E0E-906E-5EEA8A1484E1}.Release|x64.ActiveCfg = Release|Any CPU
		{916E5A96-8927-4E0E-906E-5EEA8A1484E1}.Release|x64.Build.0 = Release|Any CPU
		{916E5A96-8927-4E0E-906E-5EEA8A1484E1}.Release|x86.ActiveCfg = Release|Any CPU
		{916E5A96-8927-4E0E-906E-5EEA8A1484E1}.Release|x86.Build.0 = Release|Any CPU
		{17C2DC9E-42F4-49BF-81F3-00247E5C0638}.Debug|Any CPU.ActiveCfg = Debug|Any CPU
		{17C2DC9E-42F4-49BF-81F3-00247E5C0638}.Debug|Any CPU.Build.0 = Debug|Any CPU
		{17C2DC9E-42F4-49BF-81F3-00247E5C0638}.Debug|x64.ActiveCfg = Debug|Any CPU
		{17C2DC9E-42F4-49BF-81F3-00247E5C0638}.Debug|x64.Build.0 = Debug|Any CPU
		{17C2DC9E-42F4-49BF-81F3-00247E5C0638}.Debug|x86.ActiveCfg = Debug|Any CPU
		{17C2DC9E-42F4-49BF-81F3-00247E5C0638}.Debug|x86.Build.0 = Debug|Any CPU
		{17C2DC9E-42F4-49BF-81F3-00247E5C0638}.Release|Any CPU.ActiveCfg = Release|Any CPU
		{17C2DC9E-42F4-49BF-81F3-00247E5C0638}.Release|Any CPU.Build.0 = Release|Any CPU
		{17C2DC9E-42F4-49BF-81F3-00247E5C0638}.Release|x64.ActiveCfg = Release|Any CPU
		{17C2DC9E-42F4-49BF-81F3-00247E5C0638}.Release|x64.Build.0 = Release|Any CPU
		{17C2DC9E-42F4-49BF-81F3-00247E5C0638}.Release|x86.ActiveCfg = Release|Any CPU
		{17C2DC9E-42F4-49BF-81F3-00247E5C0638}.Release|x86.Build.0 = Release|Any CPU
		{DA783812-15AA-4975-A0BA-8A182F510DC3}.Debug|Any CPU.ActiveCfg = Debug|Any CPU
		{DA783812-15AA-4975-A0BA-8A182F510DC3}.Debug|Any CPU.Build.0 = Debug|Any CPU
		{DA783812-15AA-4975-A0BA-8A182F510DC3}.Debug|x64.ActiveCfg = Debug|Any CPU
		{DA783812-15AA-4975-A0BA-8A182F510DC3}.Debug|x64.Build.0 = Debug|Any CPU
		{DA783812-15AA-4975-A0BA-8A182F510DC3}.Debug|x86.ActiveCfg = Debug|Any CPU
		{DA783812-15AA-4975-A0BA-8A182F510DC3}.Debug|x86.Build.0 = Debug|Any CPU
		{DA783812-15AA-4975-A0BA-8A182F510DC3}.Release|Any CPU.ActiveCfg = Release|Any CPU
		{DA783812-15AA-4975-A0BA-8A182F510DC3}.Release|Any CPU.Build.0 = Release|Any CPU
		{DA783812-15AA-4975-A0BA-8A182F510DC3}.Release|x64.ActiveCfg = Release|Any CPU
		{DA783812-15AA-4975-A0BA-8A182F510DC3}.Release|x64.Build.0 = Release|Any CPU
		{DA783812-15AA-4975-A0BA-8A182F510DC3}.Release|x86.ActiveCfg = Release|Any CPU
		{DA783812-15AA-4975-A0BA-8A182F510DC3}.Release|x86.Build.0 = Release|Any CPU
		{E95E2AD1-9364-43CB-8287-DE58A931661C}.Debug|Any CPU.ActiveCfg = Debug|Any CPU
		{E95E2AD1-9364-43CB-8287-DE58A931661C}.Debug|Any CPU.Build.0 = Debug|Any CPU
		{E95E2AD1-9364-43CB-8287-DE58A931661C}.Debug|x64.ActiveCfg = Debug|Any CPU
		{E95E2AD1-9364-43CB-8287-DE58A931661C}.Debug|x64.Build.0 = Debug|Any CPU
		{E95E2AD1-9364-43CB-8287-DE58A931661C}.Debug|x86.ActiveCfg = Debug|Any CPU
		{E95E2AD1-9364-43CB-8287-DE58A931661C}.Debug|x86.Build.0 = Debug|Any CPU
		{E95E2AD1-9364-43CB-8287-DE58A931661C}.Release|Any CPU.ActiveCfg = Release|Any CPU
		{E95E2AD1-9364-43CB-8287-DE58A931661C}.Release|Any CPU.Build.0 = Release|Any CPU
		{E95E2AD1-9364-43CB-8287-DE58A931661C}.Release|x64.ActiveCfg = Release|Any CPU
		{E95E2AD1-9364-43CB-8287-DE58A931661C}.Release|x64.Build.0 = Release|Any CPU
		{E95E2AD1-9364-43CB-8287-DE58A931661C}.Release|x86.ActiveCfg = Release|Any CPU
		{E95E2AD1-9364-43CB-8287-DE58A931661C}.Release|x86.Build.0 = Release|Any CPU
		{CF30AD66-5897-4FB1-BDE2-C6E0D54E4F55}.Debug|Any CPU.ActiveCfg = Debug|Any CPU
		{CF30AD66-5897-4FB1-BDE2-C6E0D54E4F55}.Debug|Any CPU.Build.0 = Debug|Any CPU
		{CF30AD66-5897-4FB1-BDE2-C6E0D54E4F55}.Debug|x64.ActiveCfg = Debug|Any CPU
		{CF30AD66-5897-4FB1-BDE2-C6E0D54E4F55}.Debug|x64.Build.0 = Debug|Any CPU
		{CF30AD66-5897-4FB1-BDE2-C6E0D54E4F55}.Debug|x86.ActiveCfg = Debug|Any CPU
		{CF30AD66-5897-4FB1-BDE2-C6E0D54E4F55}.Debug|x86.Build.0 = Debug|Any CPU
		{CF30AD66-5897-4FB1-BDE2-C6E0D54E4F55}.Release|Any CPU.ActiveCfg = Release|Any CPU
		{CF30AD66-5897-4FB1-BDE2-C6E0D54E4F55}.Release|Any CPU.Build.0 = Release|Any CPU
		{CF30AD66-5897-4FB1-BDE2-C6E0D54E4F55}.Release|x64.ActiveCfg = Release|Any CPU
		{CF30AD66-5897-4FB1-BDE2-C6E0D54E4F55}.Release|x64.Build.0 = Release|Any CPU
		{CF30AD66-5897-4FB1-BDE2-C6E0D54E4F55}.Release|x86.ActiveCfg = Release|Any CPU
		{CF30AD66-5897-4FB1-BDE2-C6E0D54E4F55}.Release|x86.Build.0 = Release|Any CPU
	EndGlobalSection
	GlobalSection(SolutionProperties) = preSolution
		HideSolutionNode = FALSE
	EndGlobalSection
	GlobalSection(NestedProjects) = preSolution
		{C6FD7CDD-6AEA-493F-8B67-DE6E76F8936B} = {48090A25-6187-4F68-8C3B-6809CF55F566}
		{17C2DC9E-42F4-49BF-81F3-00247E5C0638} = {48090A25-6187-4F68-8C3B-6809CF55F566}
		{DA783812-15AA-4975-A0BA-8A182F510DC3} = {48090A25-6187-4F68-8C3B-6809CF55F566}
		{E95E2AD1-9364-43CB-8287-DE58A931661C} = {48090A25-6187-4F68-8C3B-6809CF55F566}
		{CF30AD66-5897-4FB1-BDE2-C6E0D54E4F55} = {48090A25-6187-4F68-8C3B-6809CF55F566}
	EndGlobalSection
	GlobalSection(ExtensibilityGlobals) = postSolution
		SolutionGuid = {FC484C65-1D08-4F73-AAEB-63EA7C58C99F}
	EndGlobalSection
EndGlobal
