
Microsoft Visual Studio Solution File, Format Version 12.00
# Visual Studio Version 16
VisualStudioVersion = 16.6.30114.105
MinimumVisualStudioVersion = 10.0.40219.1
Project("{9A19103F-16F7-4668-BE54-9A1E7A4F7556}") = "_build", "build\_build.csproj", "{14D6C205-71BF-47BE-8C99-8BBD385BC426}"
EndProject
Project("{2150E333-8FDC-42A3-9474-1A3956D46DE8}") = "src", "src", "{48090A25-6187-4F68-8C3B-6809CF55F566}"
EndProject
Project("{FAE04EC0-301F-11D3-BF4B-00C04F79EFBC}") = "pp_bot", "src\pp_bot.csproj", "{C6FD7CDD-6AEA-493F-8B67-DE6E76F8936B}"
EndProject
Global
	GlobalSection(SolutionConfigurationPlatforms) = preSolution
		Debug|Any CPU = Debug|Any CPU
		Debug|x64 = Debug|x64
		Debug|x86 = Debug|x86
		Release|Any CPU = Release|Any CPU
		Release|x64 = Release|x64
		Release|x86 = Release|x86
	EndGlobalSection
	GlobalSection(ProjectConfigurationPlatforms) = postSolution
		{14D6C205-71BF-47BE-8C99-8BBD385BC426}.Debug|Any CPU.ActiveCfg = Debug|Any CPU
		{14D6C205-71BF-47BE-8C99-8BBD385BC426}.Release|Any CPU.ActiveCfg = Release|Any CPU
		{C6FD7CDD-6AEA-493F-8B67-DE6E76F8936B}.Debug|Any CPU.ActiveCfg = Debug|Any CPU
		{C6FD7CDD-6AEA-493F-8B67-DE6E76F8936B}.Debug|Any CPU.Build.0 = Debug|Any CPU
		{C6FD7CDD-6AEA-493F-8B67-DE6E76F8936B}.Debug|x64.ActiveCfg = Debug|Any CPU
		{C6FD7CDD-6AEA-493F-8B67-DE6E76F8936B}.Debug|x64.Build.0 = Debug|Any CPU
		{C6FD7CDD-6AEA-493F-8B67-DE6E76F8936B}.Debug|x86.ActiveCfg = Debug|Any CPU
		{C6FD7CDD-6AEA-493F-8B67-DE6E76F8936B}.Debug|x86.Build.0 = Debug|Any CPU
		{C6FD7CDD-6AEA-493F-8B67-DE6E76F8936B}.Release|Any CPU.ActiveCfg = Release|Any CPU
		{C6FD7CDD-6AEA-493F-8B67-DE6E76F8936B}.Release|Any CPU.Build.0 = Release|Any CPU
		{C6FD7CDD-6AEA-493F-8B67-DE6E76F8936B}.Release|x64.ActiveCfg = Release|Any CPU
		{C6FD7CDD-6AEA-493F-8B67-DE6E76F8936B}.Release|x64.Build.0 = Release|Any CPU
		{C6FD7CDD-6AEA-493F-8B67-DE6E76F8936B}.Release|x86.ActiveCfg = Release|Any CPU
		{C6FD7CDD-6AEA-493F-8B67-DE6E76F8936B}.Release|x86.Build.0 = Release|Any CPU
	EndGlobalSection
	GlobalSection(SolutionProperties) = preSolution
		HideSolutionNode = FALSE
	EndGlobalSection
	GlobalSection(NestedProjects) = preSolution
		{C6FD7CDD-6AEA-493F-8B67-DE6E76F8936B} = {48090A25-6187-4F68-8C3B-6809CF55F566}
	EndGlobalSection
EndGlobal
